// !$*UTF8*$!
{
	archiveVersion = 1;
	classes = {
	};
	objectVersion = 46;
	objects = {

/* Begin PBXBuildFile section */
		F8DAFC591C2B6D4900C8BCC0 /* main.m in Sources */ = {isa = PBXBuildFile; fileRef = F8DAFC581C2B6D4900C8BCC0 /* main.m */; };
		F8DAFC5C1C2B6D4900C8BCC0 /* AppDelegate.m in Sources */ = {isa = PBXBuildFile; fileRef = F8DAFC5B1C2B6D4900C8BCC0 /* AppDelegate.m */; };
		F8DAFC5F1C2B6D4900C8BCC0 /* ViewController.m in Sources */ = {isa = PBXBuildFile; fileRef = F8DAFC5E1C2B6D4900C8BCC0 /* ViewController.m */; };
		F8DAFC621C2B6D4900C8BCC0 /* Main.storyboard in Resources */ = {isa = PBXBuildFile; fileRef = F8DAFC601C2B6D4900C8BCC0 /* Main.storyboard */; };
		F8DAFC641C2B6D4900C8BCC0 /* Assets.xcassets in Resources */ = {isa = PBXBuildFile; fileRef = F8DAFC631C2B6D4900C8BCC0 /* Assets.xcassets */; };
		F8DAFC671C2B6D4900C8BCC0 /* LaunchScreen.storyboard in Resources */ = {isa = PBXBuildFile; fileRef = F8DAFC651C2B6D4900C8BCC0 /* LaunchScreen.storyboard */; };
		F8DAFC721C2B6D4900C8BCC0 /* DatePickerTests.m in Sources */ = {isa = PBXBuildFile; fileRef = F8DAFC711C2B6D4900C8BCC0 /* DatePickerTests.m */; };
		F8DAFC7D1C2B6D4900C8BCC0 /* DatePickerUITests.m in Sources */ = {isa = PBXBuildFile; fileRef = F8DAFC7C1C2B6D4900C8BCC0 /* DatePickerUITests.m */; };
/* End PBXBuildFile section */

/* Begin PBXContainerItemProxy section */
		F8DAFC6E1C2B6D4900C8BCC0 /* PBXContainerItemProxy */ = {
			isa = PBXContainerItemProxy;
			containerPortal = F8DAFC4C1C2B6D4900C8BCC0 /* Project object */;
			proxyType = 1;
			remoteGlobalIDString = F8DAFC531C2B6D4900C8BCC0;
			remoteInfo = DatePicker;
		};
		F8DAFC791C2B6D4900C8BCC0 /* PBXContainerItemProxy */ = {
			isa = PBXContainerItemProxy;
			containerPortal = F8DAFC4C1C2B6D4900C8BCC0 /* Project object */;
			proxyType = 1;
			remoteGlobalIDString = F8DAFC531C2B6D4900C8BCC0;
			remoteInfo = DatePicker;
		};
/* End PBXContainerItemProxy section */

/* Begin PBXFileReference section */
		F8DAFC541C2B6D4900C8BCC0 /* DatePicker.app */ = {isa = PBXFileReference; explicitFileType = wrapper.application; includeInIndex = 0; path = DatePicker.app; sourceTree = BUILT_PRODUCTS_DIR; };
		F8DAFC581C2B6D4900C8BCC0 /* main.m */ = {isa = PBXFileReference; lastKnownFileType = sourcecode.c.objc; path = main.m; sourceTree = "<group>"; };
		F8DAFC5A1C2B6D4900C8BCC0 /* AppDelegate.h */ = {isa = PBXFileReference; lastKnownFileType = sourcecode.c.h; path = AppDelegate.h; sourceTree = "<group>"; };
		F8DAFC5B1C2B6D4900C8BCC0 /* AppDelegate.m */ = {isa = PBXFileReference; lastKnownFileType = sourcecode.c.objc; path = AppDelegate.m; sourceTree = "<group>"; };
		F8DAFC5D1C2B6D4900C8BCC0 /* ViewController.h */ = {isa = PBXFileReference; lastKnownFileType = sourcecode.c.h; path = ViewController.h; sourceTree = "<group>"; };
		F8DAFC5E1C2B6D4900C8BCC0 /* ViewController.m */ = {isa = PBXFileReference; lastKnownFileType = sourcecode.c.objc; path = ViewController.m; sourceTree = "<group>"; };
		F8DAFC611C2B6D4900C8BCC0 /* Base */ = {isa = PBXFileReference; lastKnownFileType = file.storyboard; name = Base; path = Base.lproj/Main.storyboard; sourceTree = "<group>"; };
		F8DAFC631C2B6D4900C8BCC0 /* Assets.xcassets */ = {isa = PBXFileReference; lastKnownFileType = folder.assetcatalog; path = Assets.xcassets; sourceTree = "<group>"; };
		F8DAFC661C2B6D4900C8BCC0 /* Base */ = {isa = PBXFileReference; lastKnownFileType = file.storyboard; name = Base; path = Base.lproj/LaunchScreen.storyboard; sourceTree = "<group>"; };
		F8DAFC681C2B6D4900C8BCC0 /* Info.plist */ = {isa = PBXFileReference; lastKnownFileType = text.plist.xml; path = Info.plist; sourceTree = "<group>"; };
		F8DAFC6D1C2B6D4900C8BCC0 /* DatePickerTests.xctest */ = {isa = PBXFileReference; explicitFileType = wrapper.cfbundle; includeInIndex = 0; path = DatePickerTests.xctest; sourceTree = BUILT_PRODUCTS_DIR; };
		F8DAFC711C2B6D4900C8BCC0 /* DatePickerTests.m */ = {isa = PBXFileReference; lastKnownFileType = sourcecode.c.objc; path = DatePickerTests.m; sourceTree = "<group>"; };
		F8DAFC731C2B6D4900C8BCC0 /* Info.plist */ = {isa = PBXFileReference; lastKnownFileType = text.plist.xml; path = Info.plist; sourceTree = "<group>"; };
		F8DAFC781C2B6D4900C8BCC0 /* DatePickerUITests.xctest */ = {isa = PBXFileReference; explicitFileType = wrapper.cfbundle; includeInIndex = 0; path = DatePickerUITests.xctest; sourceTree = BUILT_PRODUCTS_DIR; };
		F8DAFC7C1C2B6D4900C8BCC0 /* DatePickerUITests.m */ = {isa = PBXFileReference; lastKnownFileType = sourcecode.c.objc; path = DatePickerUITests.m; sourceTree = "<group>"; };
		F8DAFC7E1C2B6D4900C8BCC0 /* Info.plist */ = {isa = PBXFileReference; lastKnownFileType = text.plist.xml; path = Info.plist; sourceTree = "<group>"; };
/* End PBXFileReference section */

/* Begin PBXFrameworksBuildPhase section */
		F8DAFC511C2B6D4900C8BCC0 /* Frameworks */ = {
			isa = PBXFrameworksBuildPhase;
			buildActionMask = 2147483647;
			files = (
			);
			runOnlyForDeploymentPostprocessing = 0;
		};
		F8DAFC6A1C2B6D4900C8BCC0 /* Frameworks */ = {
			isa = PBXFrameworksBuildPhase;
			buildActionMask = 2147483647;
			files = (
			);
			runOnlyForDeploymentPostprocessing = 0;
		};
		F8DAFC751C2B6D4900C8BCC0 /* Frameworks */ = {
			isa = PBXFrameworksBuildPhase;
			buildActionMask = 2147483647;
			files = (
			);
			runOnlyForDeploymentPostprocessing = 0;
		};
/* End PBXFrameworksBuildPhase section */

/* Begin PBXGroup section */
		F8DAFC4B1C2B6D4900C8BCC0 = {
			isa = PBXGroup;
			children = (
				F8DAFC561C2B6D4900C8BCC0 /* DatePicker */,
				F8DAFC701C2B6D4900C8BCC0 /* DatePickerTests */,
				F8DAFC7B1C2B6D4900C8BCC0 /* DatePickerUITests */,
				F8DAFC551C2B6D4900C8BCC0 /* Products */,
			);
			sourceTree = "<group>";
		};
		F8DAFC551C2B6D4900C8BCC0 /* Products */ = {
			isa = PBXGroup;
			children = (
				F8DAFC541C2B6D4900C8BCC0 /* DatePicker.app */,
				F8DAFC6D1C2B6D4900C8BCC0 /* DatePickerTests.xctest */,
				F8DAFC781C2B6D4900C8BCC0 /* DatePickerUITests.xctest */,
			);
			name = Products;
			sourceTree = "<group>";
		};
		F8DAFC561C2B6D4900C8BCC0 /* DatePicker */ = {
			isa = PBXGroup;
			children = (
				F8DAFC8A1C2B6D5700C8BCC0 /* AppDelegate */,
				F8DAFC8E1C2B6DB300C8BCC0 /* Resources */,
				F8DAFC571C2B6D4900C8BCC0 /* Supporting Files */,
				F8DAFC8D1C2B6D9C00C8BCC0 /* ViewController */,
			);
			path = DatePicker;
			sourceTree = "<group>";
		};
		F8DAFC571C2B6D4900C8BCC0 /* Supporting Files */ = {
			isa = PBXGroup;
			children = (
				F8DAFC581C2B6D4900C8BCC0 /* main.m */,
			);
			name = "Supporting Files";
			sourceTree = "<group>";
		};
		F8DAFC701C2B6D4900C8BCC0 /* DatePickerTests */ = {
			isa = PBXGroup;
			children = (
				F8DAFC711C2B6D4900C8BCC0 /* DatePickerTests.m */,
				F8DAFC731C2B6D4900C8BCC0 /* Info.plist */,
			);
			path = DatePickerTests;
			sourceTree = "<group>";
		};
		F8DAFC7B1C2B6D4900C8BCC0 /* DatePickerUITests */ = {
			isa = PBXGroup;
			children = (
				F8DAFC7C1C2B6D4900C8BCC0 /* DatePickerUITests.m */,
				F8DAFC7E1C2B6D4900C8BCC0 /* Info.plist */,
			);
			path = DatePickerUITests;
			sourceTree = "<group>";
		};
		F8DAFC8A1C2B6D5700C8BCC0 /* AppDelegate */ = {
			isa = PBXGroup;
			children = (
				F8DAFC5A1C2B6D4900C8BCC0 /* AppDelegate.h */,
				F8DAFC5B1C2B6D4900C8BCC0 /* AppDelegate.m */,
			);
			name = AppDelegate;
			sourceTree = "<group>";
		};
		F8DAFC8D1C2B6D9C00C8BCC0 /* ViewController */ = {
			isa = PBXGroup;
			children = (
				F8DAFC5D1C2B6D4900C8BCC0 /* ViewController.h */,
				F8DAFC5E1C2B6D4900C8BCC0 /* ViewController.m */,
			);
			name = ViewController;
			sourceTree = "<group>";
		};
		F8DAFC8E1C2B6DB300C8BCC0 /* Resources */ = {
			isa = PBXGroup;
			children = (
				F8DAFC601C2B6D4900C8BCC0 /* Main.storyboard */,
				F8DAFC631C2B6D4900C8BCC0 /* Assets.xcassets */,
				F8DAFC651C2B6D4900C8BCC0 /* LaunchScreen.storyboard */,
				F8DAFC681C2B6D4900C8BCC0 /* Info.plist */,
			);
			name = Resources;
			sourceTree = "<group>";
		};
/* End PBXGroup section */

/* Begin PBXNativeTarget section */
		F8DAFC531C2B6D4900C8BCC0 /* DatePicker */ = {
			isa = PBXNativeTarget;
			buildConfigurationList = F8DAFC811C2B6D4900C8BCC0 /* Build configuration list for PBXNativeTarget "DatePicker" */;
			buildPhases = (
				F8DAFC501C2B6D4900C8BCC0 /* Sources */,
				F8DAFC511C2B6D4900C8BCC0 /* Frameworks */,
				F8DAFC521C2B6D4900C8BCC0 /* Resources */,
			);
			buildRules = (
			);
			dependencies = (
			);
			name = DatePicker;
			productName = DatePicker;
			productReference = F8DAFC541C2B6D4900C8BCC0 /* DatePicker.app */;
			productType = "com.apple.product-type.application";
		};
		F8DAFC6C1C2B6D4900C8BCC0 /* DatePickerTests */ = {
			isa = PBXNativeTarget;
			buildConfigurationList = F8DAFC841C2B6D4900C8BCC0 /* Build configuration list for PBXNativeTarget "DatePickerTests" */;
			buildPhases = (
				F8DAFC691C2B6D4900C8BCC0 /* Sources */,
				F8DAFC6A1C2B6D4900C8BCC0 /* Frameworks */,
				F8DAFC6B1C2B6D4900C8BCC0 /* Resources */,
			);
			buildRules = (
			);
			dependencies = (
				F8DAFC6F1C2B6D4900C8BCC0 /* PBXTargetDependency */,
			);
			name = DatePickerTests;
			productName = DatePickerTests;
			productReference = F8DAFC6D1C2B6D4900C8BCC0 /* DatePickerTests.xctest */;
			productType = "com.apple.product-type.bundle.unit-test";
		};
		F8DAFC771C2B6D4900C8BCC0 /* DatePickerUITests */ = {
			isa = PBXNativeTarget;
			buildConfigurationList = F8DAFC871C2B6D4900C8BCC0 /* Build configuration list for PBXNativeTarget "DatePickerUITests" */;
			buildPhases = (
				F8DAFC741C2B6D4900C8BCC0 /* Sources */,
				F8DAFC751C2B6D4900C8BCC0 /* Frameworks */,
				F8DAFC761C2B6D4900C8BCC0 /* Resources */,
			);
			buildRules = (
			);
			dependencies = (
				F8DAFC7A1C2B6D4900C8BCC0 /* PBXTargetDependency */,
			);
			name = DatePickerUITests;
			productName = DatePickerUITests;
			productReference = F8DAFC781C2B6D4900C8BCC0 /* DatePickerUITests.xctest */;
			productType = "com.apple.product-type.bundle.ui-testing";
		};
/* End PBXNativeTarget section */

/* Begin PBXProject section */
		F8DAFC4C1C2B6D4900C8BCC0 /* Project object */ = {
			isa = PBXProject;
			attributes = {
				LastUpgradeCheck = 0720;
				ORGANIZATIONNAME = "Anish Kodeboyina";
				TargetAttributes = {
					F8DAFC531C2B6D4900C8BCC0 = {
						CreatedOnToolsVersion = 7.2;
						DevelopmentTeam = A4M82R9CY7;
					};
					F8DAFC6C1C2B6D4900C8BCC0 = {
						CreatedOnToolsVersion = 7.2;
						TestTargetID = F8DAFC531C2B6D4900C8BCC0;
					};
					F8DAFC771C2B6D4900C8BCC0 = {
						CreatedOnToolsVersion = 7.2;
						TestTargetID = F8DAFC531C2B6D4900C8BCC0;
					};
				};
			};
			buildConfigurationList = F8DAFC4F1C2B6D4900C8BCC0 /* Build configuration list for PBXProject "DatePicker" */;
			compatibilityVersion = "Xcode 3.2";
			developmentRegion = English;
			hasScannedForEncodings = 0;
			knownRegions = (
				en,
				Base,
			);
			mainGroup = F8DAFC4B1C2B6D4900C8BCC0;
			productRefGroup = F8DAFC551C2B6D4900C8BCC0 /* Products */;
			projectDirPath = "";
			projectRoot = "";
			targets = (
				F8DAFC531C2B6D4900C8BCC0 /* DatePicker */,
				F8DAFC6C1C2B6D4900C8BCC0 /* DatePickerTests */,
				F8DAFC771C2B6D4900C8BCC0 /* DatePickerUITests */,
			);
		};
/* End PBXProject section */

/* Begin PBXResourcesBuildPhase section */
		F8DAFC521C2B6D4900C8BCC0 /* Resources */ = {
			isa = PBXResourcesBuildPhase;
			buildActionMask = 2147483647;
			files = (
				F8DAFC671C2B6D4900C8BCC0 /* LaunchScreen.storyboard in Resources */,
				F8DAFC641C2B6D4900C8BCC0 /* Assets.xcassets in Resources */,
				F8DAFC621C2B6D4900C8BCC0 /* Main.storyboard in Resources */,
			);
			runOnlyForDeploymentPostprocessing = 0;
		};
		F8DAFC6B1C2B6D4900C8BCC0 /* Resources */ = {
			isa = PBXResourcesBuildPhase;
			buildActionMask = 2147483647;
			files = (
			);
			runOnlyForDeploymentPostprocessing = 0;
		};
		F8DAFC761C2B6D4900C8BCC0 /* Resources */ = {
			isa = PBXResourcesBuildPhase;
			buildActionMask = 2147483647;
			files = (
			);
			runOnlyForDeploymentPostprocessing = 0;
		};
/* End PBXResourcesBuildPhase section */

/* Begin PBXSourcesBuildPhase section */
		F8DAFC501C2B6D4900C8BCC0 /* Sources */ = {
			isa = PBXSourcesBuildPhase;
			buildActionMask = 2147483647;
			files = (
				F8DAFC5F1C2B6D4900C8BCC0 /* ViewController.m in Sources */,
				F8DAFC5C1C2B6D4900C8BCC0 /* AppDelegate.m in Sources */,
				F8DAFC591C2B6D4900C8BCC0 /* main.m in Sources */,
			);
			runOnlyForDeploymentPostprocessing = 0;
		};
		F8DAFC691C2B6D4900C8BCC0 /* Sources */ = {
			isa = PBXSourcesBuildPhase;
			buildActionMask = 2147483647;
			files = (
				F8DAFC721C2B6D4900C8BCC0 /* DatePickerTests.m in Sources */,
			);
			runOnlyForDeploymentPostprocessing = 0;
		};
		F8DAFC741C2B6D4900C8BCC0 /* Sources */ = {
			isa = PBXSourcesBuildPhase;
			buildActionMask = 2147483647;
			files = (
				F8DAFC7D1C2B6D4900C8BCC0 /* DatePickerUITests.m in Sources */,
			);
			runOnlyForDeploymentPostprocessing = 0;
		};
/* End PBXSourcesBuildPhase section */

/* Begin PBXTargetDependency section */
		F8DAFC6F1C2B6D4900C8BCC0 /* PBXTargetDependency */ = {
			isa = PBXTargetDependency;
			target = F8DAFC531C2B6D4900C8BCC0 /* DatePicker */;
			targetProxy = F8DAFC6E1C2B6D4900C8BCC0 /* PBXContainerItemProxy */;
		};
		F8DAFC7A1C2B6D4900C8BCC0 /* PBXTargetDependency */ = {
			isa = PBXTargetDependency;
			target = F8DAFC531C2B6D4900C8BCC0 /* DatePicker */;
			targetProxy = F8DAFC791C2B6D4900C8BCC0 /* PBXContainerItemProxy */;
		};
/* End PBXTargetDependency section */

/* Begin PBXVariantGroup section */
		F8DAFC601C2B6D4900C8BCC0 /* Main.storyboard */ = {
			isa = PBXVariantGroup;
			children = (
				F8DAFC611C2B6D4900C8BCC0 /* Base */,
			);
			name = Main.storyboard;
			sourceTree = "<group>";
		};
		F8DAFC651C2B6D4900C8BCC0 /* LaunchScreen.storyboard */ = {
			isa = PBXVariantGroup;
			children = (
				F8DAFC661C2B6D4900C8BCC0 /* Base */,
			);
			name = LaunchScreen.storyboard;
			sourceTree = "<group>";
		};
/* End PBXVariantGroup section */

/* Begin XCBuildConfiguration section */
		F8DAFC7F1C2B6D4900C8BCC0 /* Debug */ = {
			isa = XCBuildConfiguration;
			buildSettings = {
				ALWAYS_SEARCH_USER_PATHS = NO;
				CLANG_CXX_LANGUAGE_STANDARD = "gnu++0x";
				CLANG_CXX_LIBRARY = "libc++";
				CLANG_ENABLE_MODULES = YES;
				CLANG_ENABLE_OBJC_ARC = YES;
				CLANG_WARN_BOOL_CONVERSION = YES;
				CLANG_WARN_CONSTANT_CONVERSION = YES;
				CLANG_WARN_DIRECT_OBJC_ISA_USAGE = YES_ERROR;
				CLANG_WARN_EMPTY_BODY = YES;
				CLANG_WARN_ENUM_CONVERSION = YES;
				CLANG_WARN_INT_CONVERSION = YES;
				CLANG_WARN_OBJC_ROOT_CLASS = YES_ERROR;
				CLANG_WARN_UNREACHABLE_CODE = YES;
				CLANG_WARN__DUPLICATE_METHOD_MATCH = YES;
				"CODE_SIGN_IDENTITY[sdk=iphoneos*]" = "iPhone Developer";
				COPY_PHASE_STRIP = NO;
				DEBUG_INFORMATION_FORMAT = dwarf;
				ENABLE_STRICT_OBJC_MSGSEND = YES;
				ENABLE_TESTABILITY = YES;
				GCC_C_LANGUAGE_STANDARD = gnu99;
				GCC_DYNAMIC_NO_PIC = NO;
				GCC_NO_COMMON_BLOCKS = YES;
				GCC_OPTIMIZATION_LEVEL = 0;
				GCC_PREPROCESSOR_DEFINITIONS = (
					"DEBUG=1",
					"$(inherited)",
				);
				GCC_WARN_64_TO_32_BIT_CONVERSION = YES;
				GCC_WARN_ABOUT_RETURN_TYPE = YES_ERROR;
				GCC_WARN_UNDECLARED_SELECTOR = YES;
				GCC_WARN_UNINITIALIZED_AUTOS = YES_AGGRESSIVE;
				GCC_WARN_UNUSED_FUNCTION = YES;
				GCC_WARN_UNUSED_VARIABLE = YES;
				IPHONEOS_DEPLOYMENT_TARGET = 9.2;
				MTL_ENABLE_DEBUG_INFO = YES;
				ONLY_ACTIVE_ARCH = YES;
				SDKROOT = iphoneos;
				TARGETED_DEVICE_FAMILY = "1,2";
			};
			name = Debug;
		};
		F8DAFC801C2B6D4900C8BCC0 /* Release */ = {
			isa = XCBuildConfiguration;
			buildSettings = {
				ALWAYS_SEARCH_USER_PATHS = NO;
				CLANG_CXX_LANGUAGE_STANDARD = "gnu++0x";
				CLANG_CXX_LIBRARY = "libc++";
				CLANG_ENABLE_MODULES = YES;
				CLANG_ENABLE_OBJC_ARC = YES;
				CLANG_WARN_BOOL_CONVERSION = YES;
				CLANG_WARN_CONSTANT_CONVERSION = YES;
				CLANG_WARN_DIRECT_OBJC_ISA_USAGE = YES_ERROR;
				CLANG_WARN_EMPTY_BODY = YES;
				CLANG_WARN_ENUM_CONVERSION = YES;
				CLANG_WARN_INT_CONVERSION = YES;
				CLANG_WARN_OBJC_ROOT_CLASS = YES_ERROR;
				CLANG_WARN_UNREACHABLE_CODE = YES;
				CLANG_WARN__DUPLICATE_METHOD_MATCH = YES;
				"CODE_SIGN_IDENTITY[sdk=iphoneos*]" = "iPhone Developer";
				COPY_PHASE_STRIP = NO;
				DEBUG_INFORMATION_FORMAT = "dwarf-with-dsym";
				ENABLE_NS_ASSERTIONS = NO;
				ENABLE_STRICT_OBJC_MSGSEND = YES;
				GCC_C_LANGUAGE_STANDARD = gnu99;
				GCC_NO_COMMON_BLOCKS = YES;
				GCC_WARN_64_TO_32_BIT_CONVERSION = YES;
				GCC_WARN_ABOUT_RETURN_TYPE = YES_ERROR;
				GCC_WARN_UNDECLARED_SELECTOR = YES;
				GCC_WARN_UNINITIALIZED_AUTOS = YES_AGGRESSIVE;
				GCC_WARN_UNUSED_FUNCTION = YES;
				GCC_WARN_UNUSED_VARIABLE = YES;
				IPHONEOS_DEPLOYMENT_TARGET = 9.2;
				MTL_ENABLE_DEBUG_INFO = NO;
				SDKROOT = iphoneos;
				TARGETED_DEVICE_FAMILY = "1,2";
				VALIDATE_PRODUCT = YES;
			};
			name = Release;
		};
		F8DAFC821C2B6D4900C8BCC0 /* Debug */ = {
			isa = XCBuildConfiguration;
			buildSettings = {
				ASSETCATALOG_COMPILER_APPICON_NAME = AppIcon;
				CODE_SIGN_IDENTITY = "iPhone Developer";
				"CODE_SIGN_IDENTITY[sdk=iphoneos*]" = "iPhone Developer";
				INFOPLIST_FILE = DatePicker/Info.plist;
				LD_RUNPATH_SEARCH_PATHS = "$(inherited) @executable_path/Frameworks";
				PRODUCT_BUNDLE_IDENTIFIER = Anish.DatePicker;
				PRODUCT_NAME = "$(TARGET_NAME)";
				PROVISIONING_PROFILE = "";
			};
			name = Debug;
		};
		F8DAFC831C2B6D4900C8BCC0 /* Release */ = {
			isa = XCBuildConfiguration;
			buildSettings = {
				ASSETCATALOG_COMPILER_APPICON_NAME = AppIcon;
				CODE_SIGN_IDENTITY = "iPhone Developer";
				"CODE_SIGN_IDENTITY[sdk=iphoneos*]" = "iPhone Developer";
				INFOPLIST_FILE = DatePicker/Info.plist;
				LD_RUNPATH_SEARCH_PATHS = "$(inherited) @executable_path/Frameworks";
				PRODUCT_BUNDLE_IDENTIFIER = Anish.DatePicker;
				PRODUCT_NAME = "$(TARGET_NAME)";
				PROVISIONING_PROFILE = "";
			};
			name = Release;
		};
		F8DAFC851C2B6D4900C8BCC0 /* Debug */ = {
			isa = XCBuildConfiguration;
			buildSettings = {
				BUNDLE_LOADER = "$(TEST_HOST)";
				INFOPLIST_FILE = DatePickerTests/Info.plist;
				LD_RUNPATH_SEARCH_PATHS = "$(inherited) @executable_path/Frameworks @loader_path/Frameworks";
				PRODUCT_BUNDLE_IDENTIFIER = Anish.DatePickerTests;
				PRODUCT_NAME = "$(TARGET_NAME)";
				TEST_HOST = "$(BUILT_PRODUCTS_DIR)/DatePicker.app/DatePicker";
			};
			name = Debug;
		};
		F8DAFC861C2B6D4900C8BCC0 /* Release */ = {
			isa = XCBuildConfiguration;
			buildSettings = {
				BUNDLE_LOADER = "$(TEST_HOST)";
				INFOPLIST_FILE = DatePickerTests/Info.plist;
				LD_RUNPATH_SEARCH_PATHS = "$(inherited) @executable_path/Frameworks @loader_path/Frameworks";
				PRODUCT_BUNDLE_IDENTIFIER = Anish.DatePickerTests;
				PRODUCT_NAME = "$(TARGET_NAME)";
				TEST_HOST = "$(BUILT_PRODUCTS_DIR)/DatePicker.app/DatePicker";
			};
			name = Release;
		};
		F8DAFC881C2B6D4900C8BCC0 /* Debug */ = {
			isa = XCBuildConfiguration;
			buildSettings = {
				INFOPLIST_FILE = DatePickerUITests/Info.plist;
				LD_RUNPATH_SEARCH_PATHS = "$(inherited) @executable_path/Frameworks @loader_path/Frameworks";
				PRODUCT_BUNDLE_IDENTIFIER = Anish.DatePickerUITests;
				PRODUCT_NAME = "$(TARGET_NAME)";
				TEST_TARGET_NAME = DatePicker;
				USES_XCTRUNNER = YES;
			};
			name = Debug;
		};
		F8DAFC891C2B6D4900C8BCC0 /* Release */ = {
			isa = XCBuildConfiguration;
			buildSettings = {
				INFOPLIST_FILE = DatePickerUITests/Info.plist;
				LD_RUNPATH_SEARCH_PATHS = "$(inherited) @executable_path/Frameworks @loader_path/Frameworks";
				PRODUCT_BUNDLE_IDENTIFIER = Anish.DatePickerUITests;
				PRODUCT_NAME = "$(TARGET_NAME)";
				TEST_TARGET_NAME = DatePicker;
				USES_XCTRUNNER = YES;
			};
			name = Release;
		};
/* End XCBuildConfiguration section */

/* Begin XCConfigurationList section */
		F8DAFC4F1C2B6D4900C8BCC0 /* Build configuration list for PBXProject "DatePicker" */ = {
			isa = XCConfigurationList;
			buildConfigurations = (
				F8DAFC7F1C2B6D4900C8BCC0 /* Debug */,
				F8DAFC801C2B6D4900C8BCC0 /* Release */,
			);
			defaultConfigurationIsVisible = 0;
			defaultConfigurationName = Release;
		};
		F8DAFC811C2B6D4900C8BCC0 /* Build configuration list for PBXNativeTarget "DatePicker" */ = {
			isa = XCConfigurationList;
			buildConfigurations = (
				F8DAFC821C2B6D4900C8BCC0 /* Debug */,
				F8DAFC831C2B6D4900C8BCC0 /* Release */,
			);
			defaultConfigurationIsVisible = 0;
		};
		F8DAFC841C2B6D4900C8BCC0 /* Build configuration list for PBXNativeTarget "DatePickerTests" */ = {
			isa = XCConfigurationList;
			buildConfigurations = (
				F8DAFC851C2B6D4900C8BCC0 /* Debug */,
				F8DAFC861C2B6D4900C8BCC0 /* Release */,
			);
			defaultConfigurationIsVisible = 0;
		};
		F8DAFC871C2B6D4900C8BCC0 /* Build configuration list for PBXNativeTarget "DatePickerUITests" */ = {
			isa = XCConfigurationList;
			buildConfigurations = (
				F8DAFC881C2B6D4900C8BCC0 /* Debug */,
				F8DAFC891C2B6D4900C8BCC0 /* Release */,
			);
			defaultConfigurationIsVisible = 0;
		};
/* End XCConfigurationList section */
	};
	rootObject = F8DAFC4C1C2B6D4900C8BCC0 /* Project object */;
}
